
Microsoft Visual Studio Solution File, Format Version 12.00
# Visual Studio Version 17
VisualStudioVersion = 17.4.33205.214
MinimumVisualStudioVersion = 10.0.40219.1
Project("{F184B08F-C81C-45F6-A57F-5ABD9991F28F}") = "KalkulatorSederhana", "KalkulatorSederhana\KalkulatorSederhana.vbproj", "{CC9D0F53-93CE-42E1-995D-1C16A5AD4AA9}"
EndProject
Global
	GlobalSection(SolutionConfigurationPlatforms) = preSolution
		Debug|Any CPU = Debug|Any CPU
		Release|Any CPU = Release|Any CPU
	EndGlobalSection
	GlobalSection(ProjectConfigurationPlatforms) = postSolution
		{CC9D0F53-93CE-42E1-995D-1C16A5AD4AA9}.Debug|Any CPU.ActiveCfg = Debug|Any CPU
		{CC9D0F53-93CE-42E1-995D-1C16A5AD4AA9}.Debug|Any CPU.Build.0 = Debug|Any CPU
		{CC9D0F53-93CE-42E1-995D-1C16A5AD4AA9}.Release|Any CPU.ActiveCfg = Release|Any CPU
		{CC9D0F53-93CE-42E1-995D-1C16A5AD4AA9}.Release|Any CPU.Build.0 = Release|Any CPU
	EndGlobalSection
	GlobalSection(SolutionProperties) = preSolution
		HideSolutionNode = FALSE
	EndGlobalSection
	GlobalSection(ExtensibilityGlobals) = postSolution
		SolutionGuid = {C8C5A43C-6597-4FA9-8F46-7C79DCCE4383}
	EndGlobalSection
EndGlobal
