
Microsoft Visual Studio Solution File, Format Version 12.00
# Visual Studio Version 17
VisualStudioVersion = 17.6.33723.286
MinimumVisualStudioVersion = 10.0.40219.1
Project("{FAE04EC0-301F-11D3-BF4B-00C04F79EFBC}") = "StudentManagement", "StudentManagement\StudentManagement.csproj", "{42F97B5D-3833-4AC4-A1B8-E4889557AEB3}"
EndProject
Global
	GlobalSection(SolutionConfigurationPlatforms) = preSolution
		Debug|Any CPU = Debug|Any CPU
		Release|Any CPU = Release|Any CPU
	EndGlobalSection
	GlobalSection(ProjectConfigurationPlatforms) = postSolution
		{42F97B5D-3833-4AC4-A1B8-E4889557AEB3}.Debug|Any CPU.ActiveCfg = Debug|Any CPU
		{42F97B5D-3833-4AC4-A1B8-E4889557AEB3}.Debug|Any CPU.Build.0 = Debug|Any CPU
		{42F97B5D-3833-4AC4-A1B8-E4889557AEB3}.Release|Any CPU.ActiveCfg = Release|Any CPU
		{42F97B5D-3833-4AC4-A1B8-E4889557AEB3}.Release|Any CPU.Build.0 = Release|Any CPU
	EndGlobalSection
	GlobalSection(SolutionProperties) = preSolution
		HideSolutionNode = FALSE
	EndGlobalSection
	GlobalSection(ExtensibilityGlobals) = postSolution
		SolutionGuid = {D6CA0BE5-9A41-4166-AC0F-6DAAD5AF1F6F}
	EndGlobalSection
EndGlobal
