
Microsoft Visual Studio Solution File, Format Version 12.00
# Visual Studio Version 17
VisualStudioVersion = 17.6.33723.286
MinimumVisualStudioVersion = 10.0.40219.1
Project("{FAE04EC0-301F-11D3-BF4B-00C04F79EFBC}") = "PokemonReviewApp", "PokemonReviewApp\PokemonReviewApp.csproj", "{BC7C3C89-7A5E-4EDB-BB89-2C3A6537E2DC}"
EndProject
Global
	GlobalSection(SolutionConfigurationPlatforms) = preSolution
		Debug|Any CPU = Debug|Any CPU
		Release|Any CPU = Release|Any CPU
	EndGlobalSection
	GlobalSection(ProjectConfigurationPlatforms) = postSolution
		{BC7C3C89-7A5E-4EDB-BB89-2C3A6537E2DC}.Debug|Any CPU.ActiveCfg = Debug|Any CPU
		{BC7C3C89-7A5E-4EDB-BB89-2C3A6537E2DC}.Debug|Any CPU.Build.0 = Debug|Any CPU
		{BC7C3C89-7A5E-4EDB-BB89-2C3A6537E2DC}.Release|Any CPU.ActiveCfg = Release|Any CPU
		{BC7C3C89-7A5E-4EDB-BB89-2C3A6537E2DC}.Release|Any CPU.Build.0 = Release|Any CPU
	EndGlobalSection
	GlobalSection(SolutionProperties) = preSolution
		HideSolutionNode = FALSE
	EndGlobalSection
	GlobalSection(ExtensibilityGlobals) = postSolution
		SolutionGuid = {A62731FC-300F-4F3B-9A95-C2B2B53AF873}
	EndGlobalSection
EndGlobal
