
Microsoft Visual Studio Solution File, Format Version 12.00
# Visual Studio Version 17
VisualStudioVersion = 17.6.33723.286
MinimumVisualStudioVersion = 10.0.40219.1
Project("{9A19103F-16F7-4668-BE54-9A1E7A4F7556}") = "MyStore", "MyStore\MyStore.csproj", "{A028B209-D494-47F4-91DA-06235F552C60}"
EndProject
Global
	GlobalSection(SolutionConfigurationPlatforms) = preSolution
		Debug|Any CPU = Debug|Any CPU
		Release|Any CPU = Release|Any CPU
	EndGlobalSection
	GlobalSection(ProjectConfigurationPlatforms) = postSolution
		{A028B209-D494-47F4-91DA-06235F552C60}.Debug|Any CPU.ActiveCfg = Debug|Any CPU
		{A028B209-D494-47F4-91DA-06235F552C60}.Debug|Any CPU.Build.0 = Debug|Any CPU
		{A028B209-D494-47F4-91DA-06235F552C60}.Release|Any CPU.ActiveCfg = Release|Any CPU
		{A028B209-D494-47F4-91DA-06235F552C60}.Release|Any CPU.Build.0 = Release|Any CPU
	EndGlobalSection
	GlobalSection(SolutionProperties) = preSolution
		HideSolutionNode = FALSE
	EndGlobalSection
	GlobalSection(ExtensibilityGlobals) = postSolution
		SolutionGuid = {7E41C803-8806-46F5-92F9-BFDEEFB45465}
	EndGlobalSection
EndGlobal
